
Microsoft Visual Studio Solution File, Format Version 12.00
# Visual Studio Version 16
VisualStudioVersion = 16.0.29609.76
MinimumVisualStudioVersion = 10.0.40219.1
Project("{FAE04EC0-301F-11D3-BF4B-00C04F79EFBC}") = "POSkabaPOSako", "POSkabaPOSako\POSkabaPOSako.csproj", "{B9A4B14F-ECD1-4453-AFC7-0DABD480189D}"
EndProject
Project("{2150E333-8FDC-42A3-9474-1A3956D46DE8}") = "Domain", "Domain", "{5C92D5D2-BB97-4FB2-B7D7-A5BCBA2046B0}"
EndProject
Project("{9A19103F-16F7-4668-BE54-9A1E7A4F7556}") = "POS.Context", "POS.Context\POS.Context.csproj", "{8214FF1C-0EC8-4B10-BF9C-FEBE4FA235A9}"
EndProject
Project("{2150E333-8FDC-42A3-9474-1A3956D46DE8}") = "Common", "Common", "{06B4DFDF-F5CA-45A0-BC3B-EC5B0CA85EF6}"
EndProject
Project("{9A19103F-16F7-4668-BE54-9A1E7A4F7556}") = "Context", "Context\Context.csproj", "{B0FE3B9A-5D50-4494-8217-5185BBDE18AE}"
EndProject
Project("{9A19103F-16F7-4668-BE54-9A1E7A4F7556}") = "Model", "Model\Model.csproj", "{B5417481-CCE9-49C5-A81E-0A90AF874C8F}"
EndProject
Project("{9A19103F-16F7-4668-BE54-9A1E7A4F7556}") = "POS.Model", "POS.Model\POS.Model.csproj", "{779F75DF-C378-4F22-905D-C17A6B9F2178}"
EndProject
Project("{9A19103F-16F7-4668-BE54-9A1E7A4F7556}") = "POS.Repository", "POS.Repository\POS.Repository.csproj", "{D4D330F2-EF23-41BE-B964-2DCE33DC6EAD}"
EndProject
Project("{2150E333-8FDC-42A3-9474-1A3956D46DE8}") = "Services", "Services", "{D78C4960-EDEF-4608-AD8D-6B9C6B0F77D9}"
EndProject
Project("{2150E333-8FDC-42A3-9474-1A3956D46DE8}") = "POS", "POS", "{DF1BCDB4-A335-4551-867B-DA3865B9F67F}"
EndProject
Project("{2150E333-8FDC-42A3-9474-1A3956D46DE8}") = "WEB", "WEB", "{01C90346-71DC-4665-AD18-124897C01A94}"
EndProject
Project("{9A19103F-16F7-4668-BE54-9A1E7A4F7556}") = "Attributes", "Attributes\Attributes.csproj", "{423FFCBA-5D39-4FF3-A14D-AC2E049037AA}"
EndProject
Global
	GlobalSection(SolutionConfigurationPlatforms) = preSolution
		Debug|Any CPU = Debug|Any CPU
		Release|Any CPU = Release|Any CPU
	EndGlobalSection
	GlobalSection(ProjectConfigurationPlatforms) = postSolution
		{B9A4B14F-ECD1-4453-AFC7-0DABD480189D}.Debug|Any CPU.ActiveCfg = Debug|Any CPU
		{B9A4B14F-ECD1-4453-AFC7-0DABD480189D}.Debug|Any CPU.Build.0 = Debug|Any CPU
		{B9A4B14F-ECD1-4453-AFC7-0DABD480189D}.Release|Any CPU.ActiveCfg = Release|Any CPU
		{B9A4B14F-ECD1-4453-AFC7-0DABD480189D}.Release|Any CPU.Build.0 = Release|Any CPU
		{8214FF1C-0EC8-4B10-BF9C-FEBE4FA235A9}.Debug|Any CPU.ActiveCfg = Debug|Any CPU
		{8214FF1C-0EC8-4B10-BF9C-FEBE4FA235A9}.Debug|Any CPU.Build.0 = Debug|Any CPU
		{8214FF1C-0EC8-4B10-BF9C-FEBE4FA235A9}.Release|Any CPU.ActiveCfg = Release|Any CPU
		{8214FF1C-0EC8-4B10-BF9C-FEBE4FA235A9}.Release|Any CPU.Build.0 = Release|Any CPU
		{B0FE3B9A-5D50-4494-8217-5185BBDE18AE}.Debug|Any CPU.ActiveCfg = Debug|Any CPU
		{B0FE3B9A-5D50-4494-8217-5185BBDE18AE}.Debug|Any CPU.Build.0 = Debug|Any CPU
		{B0FE3B9A-5D50-4494-8217-5185BBDE18AE}.Release|Any CPU.ActiveCfg = Release|Any CPU
		{B0FE3B9A-5D50-4494-8217-5185BBDE18AE}.Release|Any CPU.Build.0 = Release|Any CPU
		{B5417481-CCE9-49C5-A81E-0A90AF874C8F}.Debug|Any CPU.ActiveCfg = Debug|Any CPU
		{B5417481-CCE9-49C5-A81E-0A90AF874C8F}.Debug|Any CPU.Build.0 = Debug|Any CPU
		{B5417481-CCE9-49C5-A81E-0A90AF874C8F}.Release|Any CPU.ActiveCfg = Release|Any CPU
		{B5417481-CCE9-49C5-A81E-0A90AF874C8F}.Release|Any CPU.Build.0 = Release|Any CPU
		{779F75DF-C378-4F22-905D-C17A6B9F2178}.Debug|Any CPU.ActiveCfg = Debug|Any CPU
		{779F75DF-C378-4F22-905D-C17A6B9F2178}.Debug|Any CPU.Build.0 = Debug|Any CPU
		{779F75DF-C378-4F22-905D-C17A6B9F2178}.Release|Any CPU.ActiveCfg = Release|Any CPU
		{779F75DF-C378-4F22-905D-C17A6B9F2178}.Release|Any CPU.Build.0 = Release|Any CPU
		{D4D330F2-EF23-41BE-B964-2DCE33DC6EAD}.Debug|Any CPU.ActiveCfg = Debug|Any CPU
		{D4D330F2-EF23-41BE-B964-2DCE33DC6EAD}.Debug|Any CPU.Build.0 = Debug|Any CPU
		{D4D330F2-EF23-41BE-B964-2DCE33DC6EAD}.Release|Any CPU.ActiveCfg = Release|Any CPU
		{D4D330F2-EF23-41BE-B964-2DCE33DC6EAD}.Release|Any CPU.Build.0 = Release|Any CPU
		{423FFCBA-5D39-4FF3-A14D-AC2E049037AA}.Debug|Any CPU.ActiveCfg = Debug|Any CPU
		{423FFCBA-5D39-4FF3-A14D-AC2E049037AA}.Debug|Any CPU.Build.0 = Debug|Any CPU
		{423FFCBA-5D39-4FF3-A14D-AC2E049037AA}.Release|Any CPU.ActiveCfg = Release|Any CPU
		{423FFCBA-5D39-4FF3-A14D-AC2E049037AA}.Release|Any CPU.Build.0 = Release|Any CPU
	EndGlobalSection
	GlobalSection(SolutionProperties) = preSolution
		HideSolutionNode = FALSE
	EndGlobalSection
	GlobalSection(NestedProjects) = preSolution
		{8214FF1C-0EC8-4B10-BF9C-FEBE4FA235A9} = {5C92D5D2-BB97-4FB2-B7D7-A5BCBA2046B0}
		{06B4DFDF-F5CA-45A0-BC3B-EC5B0CA85EF6} = {5C92D5D2-BB97-4FB2-B7D7-A5BCBA2046B0}
		{B0FE3B9A-5D50-4494-8217-5185BBDE18AE} = {06B4DFDF-F5CA-45A0-BC3B-EC5B0CA85EF6}
		{B5417481-CCE9-49C5-A81E-0A90AF874C8F} = {06B4DFDF-F5CA-45A0-BC3B-EC5B0CA85EF6}
		{779F75DF-C378-4F22-905D-C17A6B9F2178} = {5C92D5D2-BB97-4FB2-B7D7-A5BCBA2046B0}
		{D4D330F2-EF23-41BE-B964-2DCE33DC6EAD} = {5C92D5D2-BB97-4FB2-B7D7-A5BCBA2046B0}
		{DF1BCDB4-A335-4551-867B-DA3865B9F67F} = {D78C4960-EDEF-4608-AD8D-6B9C6B0F77D9}
		{01C90346-71DC-4665-AD18-124897C01A94} = {D78C4960-EDEF-4608-AD8D-6B9C6B0F77D9}
		{423FFCBA-5D39-4FF3-A14D-AC2E049037AA} = {06B4DFDF-F5CA-45A0-BC3B-EC5B0CA85EF6}
	EndGlobalSection
	GlobalSection(ExtensibilityGlobals) = postSolution
		SolutionGuid = {367D4932-9550-4FA4-8D53-EA85EAF96218}
	EndGlobalSection
EndGlobal
